schema = "reprobuild.solved-graph-lock.v2"

[lock]
platform = "amd64-linux"
optimal = false
inputs_digest = "fnv1a64:81c2a3818a04dbd3"
variants = []
packages = [{ name = "awk", version = "1.0.0", source = "awk", selection = "selected" }, { name = "basename", version = "1.0.0", source = "basename", selection = "selected" }, { name = "bash", version = "4.0.0", source = "bash", selection = "selected" }, { name = "cat", version = "1.0.0", source = "cat", selection = "selected" }, { name = "chmod", version = "1.0.0", source = "chmod", selection = "selected" }, { name = "cp", version = "1.0.0", source = "cp", selection = "selected" }, { name = "cut", version = "1.0.0", source = "cut", selection = "selected" }, { name = "dirname", version = "1.0.0", source = "dirname", selection = "selected" }, { name = "find", version = "1.0.0", source = "find", selection = "selected" }, { name = "gcc", version = "1.0.0", source = "gcc", selection = "selected" }, { name = "git", version = "2.0.0", source = "git", selection = "selected" }, { name = "grep", version = "1.0.0", source = "grep", selection = "selected" }, { name = "head", version = "1.0.0", source = "head", selection = "selected" }, { name = "ln", version = "1.0.0", source = "ln", selection = "selected" }, { name = "mkdir", version = "1.0.0", source = "mkdir", selection = "selected" }, { name = "mktemp", version = "1.0.0", source = "mktemp", selection = "selected" }, { name = "mv", version = "1.0.0", source = "mv", selection = "selected" }, { name = "nim", version = "2.2.0", source = "nim", selection = "selected" }, { name = "nix", version = "1.0.0", source = "nix", selection = "selected" }, { name = "od", version = "1.0.0", source = "od", selection = "selected" }, { name = "patchelf", version = "1.0.0", source = "patchelf", selection = "selected" }, { name = "pcre-config", version = "0.0.0", source = "pcre-config", selection = "selected" }, { name = "qemu-img", version = "1.0.0", source = "qemu-img", selection = "selected" }, { name = "readelf", version = "1.0.0", source = "readelf", selection = "selected" }, { name = "readlink", version = "1.0.0", source = "readlink", selection = "selected" }, { name = "rm", version = "1.0.0", source = "rm", selection = "selected" }, { name = "sed", version = "1.0.0", source = "sed", selection = "selected" }, { name = "sh", version = "1.0.0", source = "sh", selection = "selected" }, { name = "sha256sum", version = "1.0.0", source = "sha256sum", selection = "selected" }, { name = "sleep", version = "1.0.0", source = "sleep", selection = "selected" }, { name = "sort", version = "1.0.0", source = "sort", selection = "selected" }, { name = "swtpm", version = "1.0.0", source = "swtpm", selection = "selected" }, { name = "tail", version = "1.0.0", source = "tail", selection = "selected" }, { name = "tar", version = "1.0.0", source = "tar", selection = "selected" }, { name = "touch", version = "1.0.0", source = "touch", selection = "selected" }, { name = "tr", version = "1.0.0", source = "tr", selection = "selected" }, { name = "uname", version = "1.0.0", source = "uname", selection = "selected" }, { name = "vmHarnessPcre", version = "1.0.0", source = "vmHarnessPcre", selection = "selected" }, { name = "vmHarnessQemuImg", version = "1.0.0", source = "vmHarnessQemuImg", selection = "selected" }, { name = "vmHarnessSsh", version = "1.0.0", source = "vmHarnessSsh", selection = "selected" }, { name = "vmHarnessSshpass", version = "1.0.0", source = "vmHarnessSshpass", selection = "selected" }, { name = "vmHarnessVirsh", version = "1.0.0", source = "vmHarnessVirsh", selection = "selected" }, { name = "vmHarnessVirtInstall", version = "1.0.0", source = "vmHarnessVirtInstall", selection = "selected" }, { name = "vm_harness", version = "0.1.0", source = "vm_harness", selection = "selected" }, { name = "wc", version = "1.0.0", source = "wc", selection = "selected" }, { name = "xorriso", version = "1.0.0", source = "xorriso", selection = "selected" }]
deps = [{ name = "gosti", path = ".", coord_kind = "vcs", url = "https://github.com/metacraft-labs/gosti", ref = "agents-to-dev-2026-10-07", revision = "d6e570370911f6ef409ce6ee764858ee344275bd", integrity = "git-sha1:d6e570370911f6ef409ce6ee764858ee344275bd", version = "", visibility = "public", participation = "", depends = "", tags = "" }]
